
Microsoft Visual Studio Solution File, Format Version 12.00
# Visual Studio 15
VisualStudioVersion = 15.0.27428.2015
MinimumVisualStudioVersion = 10.0.40219.1
Project("{FAE04EC0-301F-11D3-BF4B-00C04F79EFBC}") = "Sending_file_ProtocolUDP", "Sending_file_ProtocolUDP\Sending_file_ProtocolUDP.csproj", "{C416F783-10EA-4265-845C-E69A14980D4E}"
EndProject
Global
	GlobalSection(SolutionConfigurationPlatforms) = preSolution
		Debug|Any CPU = Debug|Any CPU
		Release|Any CPU = Release|Any CPU
	EndGlobalSection
	GlobalSection(ProjectConfigurationPlatforms) = postSolution
		{C416F783-10EA-4265-845C-E69A14980D4E}.Debug|Any CPU.ActiveCfg = Debug|Any CPU
		{C416F783-10EA-4265-845C-E69A14980D4E}.Debug|Any CPU.Build.0 = Debug|Any CPU
		{C416F783-10EA-4265-845C-E69A14980D4E}.Release|Any CPU.ActiveCfg = Release|Any CPU
		{C416F783-10EA-4265-845C-E69A14980D4E}.Release|Any CPU.Build.0 = Release|Any CPU
	EndGlobalSection
	GlobalSection(SolutionProperties) = preSolution
		HideSolutionNode = FALSE
	EndGlobalSection
	GlobalSection(ExtensibilityGlobals) = postSolution
		SolutionGuid = {2930232E-268F-4869-AAAB-2DE281E0F96D}
	EndGlobalSection
EndGlobal
